
Microsoft Visual Studio Solution File, Format Version 12.00
# Visual Studio Version 17
VisualStudioVersion = 17.5.002.0
MinimumVisualStudioVersion = 10.0.40219.1
Project("{9A19103F-16F7-4668-BE54-9A1E7A4F7556}") = "FilesApp", "FilesApp.csproj", "{DEF464B4-039F-4611-9F6C-35904AEA0931}"
EndProject
Global
	GlobalSection(SolutionConfigurationPlatforms) = preSolution
		Debug|Any CPU = Debug|Any CPU
		Release|Any CPU = Release|Any CPU
	EndGlobalSection
	GlobalSection(ProjectConfigurationPlatforms) = postSolution
		{DEF464B4-039F-4611-9F6C-35904AEA0931}.Debug|Any CPU.ActiveCfg = Debug|Any CPU
		{DEF464B4-039F-4611-9F6C-35904AEA0931}.Debug|Any CPU.Build.0 = Debug|Any CPU
		{DEF464B4-039F-4611-9F6C-35904AEA0931}.Release|Any CPU.ActiveCfg = Release|Any CPU
		{DEF464B4-039F-4611-9F6C-35904AEA0931}.Release|Any CPU.Build.0 = Release|Any CPU
	EndGlobalSection
	GlobalSection(SolutionProperties) = preSolution
		HideSolutionNode = FALSE
	EndGlobalSection
	GlobalSection(ExtensibilityGlobals) = postSolution
		SolutionGuid = {13901BF9-EED7-420F-947D-741E47C80C39}
	EndGlobalSection
EndGlobal
